
Microsoft Visual Studio Solution File, Format Version 12.00
# Visual Studio Version 17
VisualStudioVersion = 17.1.32228.430
MinimumVisualStudioVersion = 10.0.40219.1
Project("{FAE04EC0-301F-11D3-BF4B-00C04F79EFBC}") = "Number_is_Even_or_Odd", "Number_is_Even_or_Odd\Number_is_Even_or_Odd.csproj", "{563E2EC9-CDFF-44AE-9F43-C88701B80A9E}"
EndProject
Global
	GlobalSection(SolutionConfigurationPlatforms) = preSolution
		Debug|Any CPU = Debug|Any CPU
		Release|Any CPU = Release|Any CPU
	EndGlobalSection
	GlobalSection(ProjectConfigurationPlatforms) = postSolution
		{563E2EC9-CDFF-44AE-9F43-C88701B80A9E}.Debug|Any CPU.ActiveCfg = Debug|Any CPU
		{563E2EC9-CDFF-44AE-9F43-C88701B80A9E}.Debug|Any CPU.Build.0 = Debug|Any CPU
		{563E2EC9-CDFF-44AE-9F43-C88701B80A9E}.Release|Any CPU.ActiveCfg = Release|Any CPU
		{563E2EC9-CDFF-44AE-9F43-C88701B80A9E}.Release|Any CPU.Build.0 = Release|Any CPU
	EndGlobalSection
	GlobalSection(SolutionProperties) = preSolution
		HideSolutionNode = FALSE
	EndGlobalSection
	GlobalSection(ExtensibilityGlobals) = postSolution
		SolutionGuid = {428C500D-CF53-4BA0-923E-5682C8BDBB99}
	EndGlobalSection
EndGlobal
