
Microsoft Visual Studio Solution File, Format Version 12.00
# Visual Studio Version 17
VisualStudioVersion = 17.1.32228.430
MinimumVisualStudioVersion = 10.0.40219.1
Project("{FAE04EC0-301F-11D3-BF4B-00C04F79EFBC}") = "Swap_Two_Numbers", "Swap_Two_Numbers\Swap_Two_Numbers.csproj", "{1D076E33-225A-408F-8213-F0F48280B3BC}"
EndProject
Global
	GlobalSection(SolutionConfigurationPlatforms) = preSolution
		Debug|Any CPU = Debug|Any CPU
		Release|Any CPU = Release|Any CPU
	EndGlobalSection
	GlobalSection(ProjectConfigurationPlatforms) = postSolution
		{1D076E33-225A-408F-8213-F0F48280B3BC}.Debug|Any CPU.ActiveCfg = Debug|Any CPU
		{1D076E33-225A-408F-8213-F0F48280B3BC}.Debug|Any CPU.Build.0 = Debug|Any CPU
		{1D076E33-225A-408F-8213-F0F48280B3BC}.Release|Any CPU.ActiveCfg = Release|Any CPU
		{1D076E33-225A-408F-8213-F0F48280B3BC}.Release|Any CPU.Build.0 = Release|Any CPU
	EndGlobalSection
	GlobalSection(SolutionProperties) = preSolution
		HideSolutionNode = FALSE
	EndGlobalSection
	GlobalSection(ExtensibilityGlobals) = postSolution
		SolutionGuid = {CA63788E-DAC1-4DDF-AA27-B3D4FF740D2A}
	EndGlobalSection
EndGlobal
